
Microsoft Visual Studio Solution File, Format Version 12.00
# Visual Studio Version 17
VisualStudioVersion = 17.9.34723.18
MinimumVisualStudioVersion = 10.0.40219.1
Project("{8BC9CEB8-8B4A-11D0-8D11-00A0C91BC942}") = "RayTracing", "RayTracing.vcxproj", "{173D83AC-4B1C-428E-8915-5C4BAA8685E1}"
EndProject
Project("{8BC9CEB8-8B4A-11D0-8D11-00A0C91BC942}") = "Test", "..\Test\Test.vcxproj", "{7A1F61FC-AA8C-4024-A4C1-8C0B89E61BEC}"
EndProject
Global
	GlobalSection(SolutionConfigurationPlatforms) = preSolution
		Debug|x64 = Debug|x64
		Debug|x86 = Debug|x86
		Release|x64 = Release|x64
		Release|x86 = Release|x86
	EndGlobalSection
	GlobalSection(ProjectConfigurationPlatforms) = postSolution
		{173D83AC-4B1C-428E-8915-5C4BAA8685E1}.Debug|x64.ActiveCfg = Debug|x64
		{173D83AC-4B1C-428E-8915-5C4BAA8685E1}.Debug|x64.Build.0 = Debug|x64
		{173D83AC-4B1C-428E-8915-5C4BAA8685E1}.Debug|x86.ActiveCfg = Debug|Win32
		{173D83AC-4B1C-428E-8915-5C4BAA8685E1}.Debug|x86.Build.0 = Debug|Win32
		{173D83AC-4B1C-428E-8915-5C4BAA8685E1}.Release|x64.ActiveCfg = Release|x64
		{173D83AC-4B1C-428E-8915-5C4BAA8685E1}.Release|x64.Build.0 = Release|x64
		{173D83AC-4B1C-428E-8915-5C4BAA8685E1}.Release|x86.ActiveCfg = Release|Win32
		{173D83AC-4B1C-428E-8915-5C4BAA8685E1}.Release|x86.Build.0 = Release|Win32
		{7A1F61FC-AA8C-4024-A4C1-8C0B89E61BEC}.Debug|x64.ActiveCfg = Debug|x64
		{7A1F61FC-AA8C-4024-A4C1-8C0B89E61BEC}.Debug|x64.Build.0 = Debug|x64
		{7A1F61FC-AA8C-4024-A4C1-8C0B89E61BEC}.Debug|x86.ActiveCfg = Debug|Win32
		{7A1F61FC-AA8C-4024-A4C1-8C0B89E61BEC}.Debug|x86.Build.0 = Debug|Win32
		{7A1F61FC-AA8C-4024-A4C1-8C0B89E61BEC}.Release|x64.ActiveCfg = Release|x64
		{7A1F61FC-AA8C-4024-A4C1-8C0B89E61BEC}.Release|x64.Build.0 = Release|x64
		{7A1F61FC-AA8C-4024-A4C1-8C0B89E61BEC}.Release|x86.ActiveCfg = Release|Win32
		{7A1F61FC-AA8C-4024-A4C1-8C0B89E61BEC}.Release|x86.Build.0 = Release|Win32
	EndGlobalSection
	GlobalSection(SolutionProperties) = preSolution
		HideSolutionNode = FALSE
	EndGlobalSection
	GlobalSection(ExtensibilityGlobals) = postSolution
		SolutionGuid = {DF0117E1-4FC0-49A0-A9B9-443037B81595}
	EndGlobalSection
EndGlobal
